
Microsoft Visual Studio Solution File, Format Version 12.00
# Visual Studio Version 17
VisualStudioVersion = 17.0.31903.59
MinimumVisualStudioVersion = 10.0.40219.1
Project("{2150E333-8FDC-42A3-9474-1A3956D46DE8}") = "src", "src", "{36EB78FC-B8BA-448A-AEF1-01FF06852B98}"
EndProject
Project("{FAE04EC0-301F-11D3-BF4B-00C04F79EFBC}") = "AuctionService", "src\AuctionService\AuctionService.csproj", "{0F5856CD-FA01-4CD3-8EC1-07018970F422}"
EndProject
Project("{FAE04EC0-301F-11D3-BF4B-00C04F79EFBC}") = "SearchService", "src\SearchService\SearchService.csproj", "{4F0642F7-BFBA-4184-ABC1-00528AEE960A}"
EndProject
Project("{FAE04EC0-301F-11D3-BF4B-00C04F79EFBC}") = "Contracts", "src\Contracts\Contracts.csproj", "{909D98E0-99CA-4602-8B5F-BA744792EB1B}"
EndProject
Project("{FAE04EC0-301F-11D3-BF4B-00C04F79EFBC}") = "IdentityService", "src\IdentityService\IdentityService.csproj", "{8D5875AD-F19B-4F85-90D8-03F3DED77E01}"
EndProject
Project("{FAE04EC0-301F-11D3-BF4B-00C04F79EFBC}") = "GatewayService", "src\GatewayService\GatewayService.csproj", "{0758179F-578D-412E-B2BC-86A5E24F6ECB}"
EndProject
Project("{2150E333-8FDC-42A3-9474-1A3956D46DE8}") = "tests", "tests", "{CCBF8F05-7C54-4079-9B9A-01A445324CAB}"
EndProject
Project("{FAE04EC0-301F-11D3-BF4B-00C04F79EFBC}") = "AuctionService.UnitTests", "tests\AuctionService.UnitTests\AuctionService.UnitTests.csproj", "{43AFC627-CFD4-4744-841A-F3EA58EF426E}"
EndProject
Project("{FAE04EC0-301F-11D3-BF4B-00C04F79EFBC}") = "AuctionService.IntegrationTests", "tests\AuctionService.IntegrationTests\AuctionService.IntegrationTests.csproj", "{99E083CC-DAB4-4BF0-B09D-C250FDC4048E}"
EndProject
Global
	GlobalSection(SolutionConfigurationPlatforms) = preSolution
		Debug|Any CPU = Debug|Any CPU
		Release|Any CPU = Release|Any CPU
	EndGlobalSection
	GlobalSection(SolutionProperties) = preSolution
		HideSolutionNode = FALSE
	EndGlobalSection
	GlobalSection(ProjectConfigurationPlatforms) = postSolution
		{0F5856CD-FA01-4CD3-8EC1-07018970F422}.Debug|Any CPU.ActiveCfg = Debug|Any CPU
		{0F5856CD-FA01-4CD3-8EC1-07018970F422}.Debug|Any CPU.Build.0 = Debug|Any CPU
		{0F5856CD-FA01-4CD3-8EC1-07018970F422}.Release|Any CPU.ActiveCfg = Release|Any CPU
		{0F5856CD-FA01-4CD3-8EC1-07018970F422}.Release|Any CPU.Build.0 = Release|Any CPU
		{4F0642F7-BFBA-4184-ABC1-00528AEE960A}.Debug|Any CPU.ActiveCfg = Debug|Any CPU
		{4F0642F7-BFBA-4184-ABC1-00528AEE960A}.Debug|Any CPU.Build.0 = Debug|Any CPU
		{4F0642F7-BFBA-4184-ABC1-00528AEE960A}.Release|Any CPU.ActiveCfg = Release|Any CPU
		{4F0642F7-BFBA-4184-ABC1-00528AEE960A}.Release|Any CPU.Build.0 = Release|Any CPU
		{909D98E0-99CA-4602-8B5F-BA744792EB1B}.Debug|Any CPU.ActiveCfg = Debug|Any CPU
		{909D98E0-99CA-4602-8B5F-BA744792EB1B}.Debug|Any CPU.Build.0 = Debug|Any CPU
		{909D98E0-99CA-4602-8B5F-BA744792EB1B}.Release|Any CPU.ActiveCfg = Release|Any CPU
		{909D98E0-99CA-4602-8B5F-BA744792EB1B}.Release|Any CPU.Build.0 = Release|Any CPU
		{8D5875AD-F19B-4F85-90D8-03F3DED77E01}.Debug|Any CPU.ActiveCfg = Debug|Any CPU
		{8D5875AD-F19B-4F85-90D8-03F3DED77E01}.Debug|Any CPU.Build.0 = Debug|Any CPU
		{8D5875AD-F19B-4F85-90D8-03F3DED77E01}.Release|Any CPU.ActiveCfg = Release|Any CPU
		{8D5875AD-F19B-4F85-90D8-03F3DED77E01}.Release|Any CPU.Build.0 = Release|Any CPU
		{0758179F-578D-412E-B2BC-86A5E24F6ECB}.Debug|Any CPU.ActiveCfg = Debug|Any CPU
		{0758179F-578D-412E-B2BC-86A5E24F6ECB}.Debug|Any CPU.Build.0 = Debug|Any CPU
		{0758179F-578D-412E-B2BC-86A5E24F6ECB}.Release|Any CPU.ActiveCfg = Release|Any CPU
		{0758179F-578D-412E-B2BC-86A5E24F6ECB}.Release|Any CPU.Build.0 = Release|Any CPU
		{43AFC627-CFD4-4744-841A-F3EA58EF426E}.Debug|Any CPU.ActiveCfg = Debug|Any CPU
		{43AFC627-CFD4-4744-841A-F3EA58EF426E}.Debug|Any CPU.Build.0 = Debug|Any CPU
		{43AFC627-CFD4-4744-841A-F3EA58EF426E}.Release|Any CPU.ActiveCfg = Release|Any CPU
		{43AFC627-CFD4-4744-841A-F3EA58EF426E}.Release|Any CPU.Build.0 = Release|Any CPU
		{99E083CC-DAB4-4BF0-B09D-C250FDC4048E}.Debug|Any CPU.ActiveCfg = Debug|Any CPU
		{99E083CC-DAB4-4BF0-B09D-C250FDC4048E}.Debug|Any CPU.Build.0 = Debug|Any CPU
		{99E083CC-DAB4-4BF0-B09D-C250FDC4048E}.Release|Any CPU.ActiveCfg = Release|Any CPU
		{99E083CC-DAB4-4BF0-B09D-C250FDC4048E}.Release|Any CPU.Build.0 = Release|Any CPU
	EndGlobalSection
	GlobalSection(NestedProjects) = preSolution
		{0F5856CD-FA01-4CD3-8EC1-07018970F422} = {36EB78FC-B8BA-448A-AEF1-01FF06852B98}
		{4F0642F7-BFBA-4184-ABC1-00528AEE960A} = {36EB78FC-B8BA-448A-AEF1-01FF06852B98}
		{909D98E0-99CA-4602-8B5F-BA744792EB1B} = {36EB78FC-B8BA-448A-AEF1-01FF06852B98}
		{8D5875AD-F19B-4F85-90D8-03F3DED77E01} = {36EB78FC-B8BA-448A-AEF1-01FF06852B98}
		{0758179F-578D-412E-B2BC-86A5E24F6ECB} = {36EB78FC-B8BA-448A-AEF1-01FF06852B98}
		{43AFC627-CFD4-4744-841A-F3EA58EF426E} = {CCBF8F05-7C54-4079-9B9A-01A445324CAB}
		{99E083CC-DAB4-4BF0-B09D-C250FDC4048E} = {CCBF8F05-7C54-4079-9B9A-01A445324CAB}
	EndGlobalSection
EndGlobal
